
Microsoft Visual Studio Solution File, Format Version 12.00
# Visual Studio 15
VisualStudioVersion = 15.0.26730.8
MinimumVisualStudioVersion = 10.0.40219.1
Project("{9A19103F-16F7-4668-BE54-9A1E7A4F7556}") = "PizzaWebshopCore2", "PizzaWebshopCore2\PizzaWebshopCore2.csproj", "{74C29CFF-859E-4DFE-B576-6A378ADAC054}"
EndProject
Global
	GlobalSection(SolutionConfigurationPlatforms) = preSolution
		Debug|Any CPU = Debug|Any CPU
		Release|Any CPU = Release|Any CPU
	EndGlobalSection
	GlobalSection(ProjectConfigurationPlatforms) = postSolution
		{74C29CFF-859E-4DFE-B576-6A378ADAC054}.Debug|Any CPU.ActiveCfg = Debug|Any CPU
		{74C29CFF-859E-4DFE-B576-6A378ADAC054}.Debug|Any CPU.Build.0 = Debug|Any CPU
		{74C29CFF-859E-4DFE-B576-6A378ADAC054}.Release|Any CPU.ActiveCfg = Release|Any CPU
		{74C29CFF-859E-4DFE-B576-6A378ADAC054}.Release|Any CPU.Build.0 = Release|Any CPU
	EndGlobalSection
	GlobalSection(SolutionProperties) = preSolution
		HideSolutionNode = FALSE
	EndGlobalSection
	GlobalSection(ExtensibilityGlobals) = postSolution
		SolutionGuid = {4E0BE40F-010E-4B0B-9451-1327DA8F0520}
	EndGlobalSection
EndGlobal
